// !$*UTF8*$!
{
	archiveVersion = 1;
	classes = {
	};
	objectVersion = 55;
	objects = {

/* Begin PBXBuildFile section */
		619E6665276F4DDE00496096 /* Surfing_SpotsApp.swift in Sources */ = {isa = PBXBuildFile; fileRef = 619E6664276F4DDE00496096 /* Surfing_SpotsApp.swift */; };
		619E6667276F4DDE00496096 /* ContentView.swift in Sources */ = {isa = PBXBuildFile; fileRef = 619E6666276F4DDE00496096 /* ContentView.swift */; };
		619E6669276F4DDF00496096 /* Assets.xcassets in Resources */ = {isa = PBXBuildFile; fileRef = 619E6668276F4DDF00496096 /* Assets.xcassets */; };
		619E666C276F4DDF00496096 /* Preview Assets.xcassets in Resources */ = {isa = PBXBuildFile; fileRef = 619E666B276F4DDF00496096 /* Preview Assets.xcassets */; };
		619E6676276F4DE000496096 /* Surfing_SpotsTests.swift in Sources */ = {isa = PBXBuildFile; fileRef = 619E6675276F4DE000496096 /* Surfing_SpotsTests.swift */; };
		619E6680276F4DE000496096 /* Surfing_SpotsUITests.swift in Sources */ = {isa = PBXBuildFile; fileRef = 619E667F276F4DE000496096 /* Surfing_SpotsUITests.swift */; };
		619E6682276F4DE000496096 /* Surfing_SpotsUITestsLaunchTests.swift in Sources */ = {isa = PBXBuildFile; fileRef = 619E6681276F4DE000496096 /* Surfing_SpotsUITestsLaunchTests.swift */; };
		619E6692276F5E2C00496096 /* CityCell.swift in Sources */ = {isa = PBXBuildFile; fileRef = 619E6691276F5E2C00496096 /* CityCell.swift */; };
		619E6695276F5E8500496096 /* City.swift in Sources */ = {isa = PBXBuildFile; fileRef = 619E6694276F5E8500496096 /* City.swift */; };
		619E6697276F5E8E00496096 /* Weather.swift in Sources */ = {isa = PBXBuildFile; fileRef = 619E6696276F5E8E00496096 /* Weather.swift */; };
		619E669A276F5F4500496096 /* WeatherScreen.swift in Sources */ = {isa = PBXBuildFile; fileRef = 619E6699276F5F4500496096 /* WeatherScreen.swift */; };
		619E669F276F612200496096 /* WeatherViewModel.swift in Sources */ = {isa = PBXBuildFile; fileRef = 619E669E276F612200496096 /* WeatherViewModel.swift */; };
		619E66A2276F624400496096 /* WeatherService.swift in Sources */ = {isa = PBXBuildFile; fileRef = 619E66A1276F624400496096 /* WeatherService.swift */; };
		619E66A5276F899C00496096 /* Extensions.swift in Sources */ = {isa = PBXBuildFile; fileRef = 619E66A4276F899C00496096 /* Extensions.swift */; };
		619E66A7276F89A600496096 /* Endpoint.swift in Sources */ = {isa = PBXBuildFile; fileRef = 619E66A6276F89A600496096 /* Endpoint.swift */; };
/* End PBXBuildFile section */

/* Begin PBXContainerItemProxy section */
		619E6672276F4DE000496096 /* PBXContainerItemProxy */ = {
			isa = PBXContainerItemProxy;
			containerPortal = 619E6659276F4DDE00496096 /* Project object */;
			proxyType = 1;
			remoteGlobalIDString = 619E6660276F4DDE00496096;
			remoteInfo = "Surfing Spots";
		};
		619E667C276F4DE000496096 /* PBXContainerItemProxy */ = {
			isa = PBXContainerItemProxy;
			containerPortal = 619E6659276F4DDE00496096 /* Project object */;
			proxyType = 1;
			remoteGlobalIDString = 619E6660276F4DDE00496096;
			remoteInfo = "Surfing Spots";
		};
/* End PBXContainerItemProxy section */

/* Begin PBXFileReference section */
		619E6661276F4DDE00496096 /* Surfing Spots.app */ = {isa = PBXFileReference; explicitFileType = wrapper.application; includeInIndex = 0; path = "Surfing Spots.app"; sourceTree = BUILT_PRODUCTS_DIR; };
		619E6664276F4DDE00496096 /* Surfing_SpotsApp.swift */ = {isa = PBXFileReference; lastKnownFileType = sourcecode.swift; path = Surfing_SpotsApp.swift; sourceTree = "<group>"; };
		619E6666276F4DDE00496096 /* ContentView.swift */ = {isa = PBXFileReference; lastKnownFileType = sourcecode.swift; path = ContentView.swift; sourceTree = "<group>"; };
		619E6668276F4DDF00496096 /* Assets.xcassets */ = {isa = PBXFileReference; lastKnownFileType = folder.assetcatalog; path = Assets.xcassets; sourceTree = "<group>"; };
		619E666B276F4DDF00496096 /* Preview Assets.xcassets */ = {isa = PBXFileReference; lastKnownFileType = folder.assetcatalog; path = "Preview Assets.xcassets"; sourceTree = "<group>"; };
		619E6671276F4DE000496096 /* Surfing SpotsTests.xctest */ = {isa = PBXFileReference; explicitFileType = wrapper.cfbundle; includeInIndex = 0; path = "Surfing SpotsTests.xctest"; sourceTree = BUILT_PRODUCTS_DIR; };
		619E6675276F4DE000496096 /* Surfing_SpotsTests.swift */ = {isa = PBXFileReference; lastKnownFileType = sourcecode.swift; path = Surfing_SpotsTests.swift; sourceTree = "<group>"; };
		619E667B276F4DE000496096 /* Surfing SpotsUITests.xctest */ = {isa = PBXFileReference; explicitFileType = wrapper.cfbundle; includeInIndex = 0; path = "Surfing SpotsUITests.xctest"; sourceTree = BUILT_PRODUCTS_DIR; };
		619E667F276F4DE000496096 /* Surfing_SpotsUITests.swift */ = {isa = PBXFileReference; lastKnownFileType = sourcecode.swift; path = Surfing_SpotsUITests.swift; sourceTree = "<group>"; };
		619E6681276F4DE000496096 /* Surfing_SpotsUITestsLaunchTests.swift */ = {isa = PBXFileReference; lastKnownFileType = sourcecode.swift; path = Surfing_SpotsUITestsLaunchTests.swift; sourceTree = "<group>"; };
		619E6691276F5E2C00496096 /* CityCell.swift */ = {isa = PBXFileReference; lastKnownFileType = sourcecode.swift; path = CityCell.swift; sourceTree = "<group>"; };
		619E6694276F5E8500496096 /* City.swift */ = {isa = PBXFileReference; lastKnownFileType = sourcecode.swift; path = City.swift; sourceTree = "<group>"; };
		619E6696276F5E8E00496096 /* Weather.swift */ = {isa = PBXFileReference; lastKnownFileType = sourcecode.swift; path = Weather.swift; sourceTree = "<group>"; };
		619E6699276F5F4500496096 /* WeatherScreen.swift */ = {isa = PBXFileReference; lastKnownFileType = sourcecode.swift; path = WeatherScreen.swift; sourceTree = "<group>"; };
		619E669E276F612200496096 /* WeatherViewModel.swift */ = {isa = PBXFileReference; lastKnownFileType = sourcecode.swift; path = WeatherViewModel.swift; sourceTree = "<group>"; };
		619E66A1276F624400496096 /* WeatherService.swift */ = {isa = PBXFileReference; lastKnownFileType = sourcecode.swift; path = WeatherService.swift; sourceTree = "<group>"; };
		619E66A4276F899C00496096 /* Extensions.swift */ = {isa = PBXFileReference; lastKnownFileType = sourcecode.swift; path = Extensions.swift; sourceTree = "<group>"; };
		619E66A6276F89A600496096 /* Endpoint.swift */ = {isa = PBXFileReference; lastKnownFileType = sourcecode.swift; path = Endpoint.swift; sourceTree = "<group>"; };
		619E66A8276F8B8100496096 /* Surfing-Spots-Info.plist */ = {isa = PBXFileReference; lastKnownFileType = text.plist.xml; path = "Surfing-Spots-Info.plist"; sourceTree = "<group>"; };
/* End PBXFileReference section */

/* Begin PBXFrameworksBuildPhase section */
		619E665E276F4DDE00496096 /* Frameworks */ = {
			isa = PBXFrameworksBuildPhase;
			buildActionMask = 2147483647;
			files = (
			);
			runOnlyForDeploymentPostprocessing = 0;
		};
		619E666E276F4DE000496096 /* Frameworks */ = {
			isa = PBXFrameworksBuildPhase;
			buildActionMask = 2147483647;
			files = (
			);
			runOnlyForDeploymentPostprocessing = 0;
		};
		619E6678276F4DE000496096 /* Frameworks */ = {
			isa = PBXFrameworksBuildPhase;
			buildActionMask = 2147483647;
			files = (
			);
			runOnlyForDeploymentPostprocessing = 0;
		};
/* End PBXFrameworksBuildPhase section */

/* Begin PBXGroup section */
		619E6658276F4DDE00496096 = {
			isa = PBXGroup;
			children = (
				619E66A8276F8B8100496096 /* Surfing-Spots-Info.plist */,
				619E6663276F4DDE00496096 /* Surfing Spots */,
				619E6674276F4DE000496096 /* Surfing SpotsTests */,
				619E667E276F4DE000496096 /* Surfing SpotsUITests */,
				619E6662276F4DDE00496096 /* Products */,
			);
			sourceTree = "<group>";
		};
		619E6662276F4DDE00496096 /* Products */ = {
			isa = PBXGroup;
			children = (
				619E6661276F4DDE00496096 /* Surfing Spots.app */,
				619E6671276F4DE000496096 /* Surfing SpotsTests.xctest */,
				619E667B276F4DE000496096 /* Surfing SpotsUITests.xctest */,
			);
			name = Products;
			sourceTree = "<group>";
		};
		619E6663276F4DDE00496096 /* Surfing Spots */ = {
			isa = PBXGroup;
			children = (
				619E66A3276F898D00496096 /* Network */,
				619E668F276F5E1C00496096 /* Features */,
				619E6664276F4DDE00496096 /* Surfing_SpotsApp.swift */,
				619E6666276F4DDE00496096 /* ContentView.swift */,
				619E6668276F4DDF00496096 /* Assets.xcassets */,
				619E666A276F4DDF00496096 /* Preview Content */,
			);
			path = "Surfing Spots";
			sourceTree = "<group>";
		};
		619E666A276F4DDF00496096 /* Preview Content */ = {
			isa = PBXGroup;
			children = (
				619E666B276F4DDF00496096 /* Preview Assets.xcassets */,
			);
			path = "Preview Content";
			sourceTree = "<group>";
		};
		619E6674276F4DE000496096 /* Surfing SpotsTests */ = {
			isa = PBXGroup;
			children = (
				619E6675276F4DE000496096 /* Surfing_SpotsTests.swift */,
			);
			path = "Surfing SpotsTests";
			sourceTree = "<group>";
		};
		619E667E276F4DE000496096 /* Surfing SpotsUITests */ = {
			isa = PBXGroup;
			children = (
				619E667F276F4DE000496096 /* Surfing_SpotsUITests.swift */,
				619E6681276F4DE000496096 /* Surfing_SpotsUITestsLaunchTests.swift */,
			);
			path = "Surfing SpotsUITests";
			sourceTree = "<group>";
		};
		619E668E276F5E0200496096 /* Views */ = {
			isa = PBXGroup;
			children = (
				619E6691276F5E2C00496096 /* CityCell.swift */,
			);
			path = Views;
			sourceTree = "<group>";
		};
		619E668F276F5E1C00496096 /* Features */ = {
			isa = PBXGroup;
			children = (
				619E6690276F5E2100496096 /* Weather */,
			);
			path = Features;
			sourceTree = "<group>";
		};
		619E6690276F5E2100496096 /* Weather */ = {
			isa = PBXGroup;
			children = (
				619E669D276F611700496096 /* ViewModel */,
				619E66A0276F614F00496096 /* Service */,
				619E668E276F5E0200496096 /* Views */,
				619E6698276F5F3100496096 /* Screens */,
				619E6693276F5E5C00496096 /* Model */,
			);
			path = Weather;
			sourceTree = "<group>";
		};
		619E6693276F5E5C00496096 /* Model */ = {
			isa = PBXGroup;
			children = (
				619E6694276F5E8500496096 /* City.swift */,
				619E6696276F5E8E00496096 /* Weather.swift */,
			);
			path = Model;
			sourceTree = "<group>";
		};
		619E6698276F5F3100496096 /* Screens */ = {
			isa = PBXGroup;
			children = (
				619E6699276F5F4500496096 /* WeatherScreen.swift */,
			);
			path = Screens;
			sourceTree = "<group>";
		};
		619E669D276F611700496096 /* ViewModel */ = {
			isa = PBXGroup;
			children = (
				619E669E276F612200496096 /* WeatherViewModel.swift */,
			);
			path = ViewModel;
			sourceTree = "<group>";
		};
		619E66A0276F614F00496096 /* Service */ = {
			isa = PBXGroup;
			children = (
				619E66A1276F624400496096 /* WeatherService.swift */,
			);
			path = Service;
			sourceTree = "<group>";
		};
		619E66A3276F898D00496096 /* Network */ = {
			isa = PBXGroup;
			children = (
				619E66A4276F899C00496096 /* Extensions.swift */,
				619E66A6276F89A600496096 /* Endpoint.swift */,
			);
			path = Network;
			sourceTree = "<group>";
		};
/* End PBXGroup section */

/* Begin PBXNativeTarget section */
		619E6660276F4DDE00496096 /* Surfing Spots */ = {
			isa = PBXNativeTarget;
			buildConfigurationList = 619E6685276F4DE000496096 /* Build configuration list for PBXNativeTarget "Surfing Spots" */;
			buildPhases = (
				619E665D276F4DDE00496096 /* Sources */,
				619E665E276F4DDE00496096 /* Frameworks */,
				619E665F276F4DDE00496096 /* Resources */,
			);
			buildRules = (
			);
			dependencies = (
			);
			name = "Surfing Spots";
			productName = "Surfing Spots";
			productReference = 619E6661276F4DDE00496096 /* Surfing Spots.app */;
			productType = "com.apple.product-type.application";
		};
		619E6670276F4DE000496096 /* Surfing SpotsTests */ = {
			isa = PBXNativeTarget;
			buildConfigurationList = 619E6688276F4DE000496096 /* Build configuration list for PBXNativeTarget "Surfing SpotsTests" */;
			buildPhases = (
				619E666D276F4DE000496096 /* Sources */,
				619E666E276F4DE000496096 /* Frameworks */,
				619E666F276F4DE000496096 /* Resources */,
			);
			buildRules = (
			);
			dependencies = (
				619E6673276F4DE000496096 /* PBXTargetDependency */,
			);
			name = "Surfing SpotsTests";
			productName = "Surfing SpotsTests";
			productReference = 619E6671276F4DE000496096 /* Surfing SpotsTests.xctest */;
			productType = "com.apple.product-type.bundle.unit-test";
		};
		619E667A276F4DE000496096 /* Surfing SpotsUITests */ = {
			isa = PBXNativeTarget;
			buildConfigurationList = 619E668B276F4DE000496096 /* Build configuration list for PBXNativeTarget "Surfing SpotsUITests" */;
			buildPhases = (
				619E6677276F4DE000496096 /* Sources */,
				619E6678276F4DE000496096 /* Frameworks */,
				619E6679276F4DE000496096 /* Resources */,
			);
			buildRules = (
			);
			dependencies = (
				619E667D276F4DE000496096 /* PBXTargetDependency */,
			);
			name = "Surfing SpotsUITests";
			productName = "Surfing SpotsUITests";
			productReference = 619E667B276F4DE000496096 /* Surfing SpotsUITests.xctest */;
			productType = "com.apple.product-type.bundle.ui-testing";
		};
/* End PBXNativeTarget section */

/* Begin PBXProject section */
		619E6659276F4DDE00496096 /* Project object */ = {
			isa = PBXProject;
			attributes = {
				BuildIndependentTargetsInParallel = 1;
				LastSwiftUpdateCheck = 1320;
				LastUpgradeCheck = 1320;
				TargetAttributes = {
					619E6660276F4DDE00496096 = {
						CreatedOnToolsVersion = 13.2;
					};
					619E6670276F4DE000496096 = {
						CreatedOnToolsVersion = 13.2;
						TestTargetID = 619E6660276F4DDE00496096;
					};
					619E667A276F4DE000496096 = {
						CreatedOnToolsVersion = 13.2;
						TestTargetID = 619E6660276F4DDE00496096;
					};
				};
			};
			buildConfigurationList = 619E665C276F4DDE00496096 /* Build configuration list for PBXProject "Surfing Spots" */;
			compatibilityVersion = "Xcode 13.0";
			developmentRegion = en;
			hasScannedForEncodings = 0;
			knownRegions = (
				en,
				Base,
			);
			mainGroup = 619E6658276F4DDE00496096;
			productRefGroup = 619E6662276F4DDE00496096 /* Products */;
			projectDirPath = "";
			projectRoot = "";
			targets = (
				619E6660276F4DDE00496096 /* Surfing Spots */,
				619E6670276F4DE000496096 /* Surfing SpotsTests */,
				619E667A276F4DE000496096 /* Surfing SpotsUITests */,
			);
		};
/* End PBXProject section */

/* Begin PBXResourcesBuildPhase section */
		619E665F276F4DDE00496096 /* Resources */ = {
			isa = PBXResourcesBuildPhase;
			buildActionMask = 2147483647;
			files = (
				619E666C276F4DDF00496096 /* Preview Assets.xcassets in Resources */,
				619E6669276F4DDF00496096 /* Assets.xcassets in Resources */,
			);
			runOnlyForDeploymentPostprocessing = 0;
		};
		619E666F276F4DE000496096 /* Resources */ = {
			isa = PBXResourcesBuildPhase;
			buildActionMask = 2147483647;
			files = (
			);
			runOnlyForDeploymentPostprocessing = 0;
		};
		619E6679276F4DE000496096 /* Resources */ = {
			isa = PBXResourcesBuildPhase;
			buildActionMask = 2147483647;
			files = (
			);
			runOnlyForDeploymentPostprocessing = 0;
		};
/* End PBXResourcesBuildPhase section */

/* Begin PBXSourcesBuildPhase section */
		619E665D276F4DDE00496096 /* Sources */ = {
			isa = PBXSourcesBuildPhase;
			buildActionMask = 2147483647;
			files = (
				619E66A2276F624400496096 /* WeatherService.swift in Sources */,
				619E66A5276F899C00496096 /* Extensions.swift in Sources */,
				619E669A276F5F4500496096 /* WeatherScreen.swift in Sources */,
				619E6667276F4DDE00496096 /* ContentView.swift in Sources */,
				619E66A7276F89A600496096 /* Endpoint.swift in Sources */,
				619E6665276F4DDE00496096 /* Surfing_SpotsApp.swift in Sources */,
				619E669F276F612200496096 /* WeatherViewModel.swift in Sources */,
				619E6695276F5E8500496096 /* City.swift in Sources */,
				619E6692276F5E2C00496096 /* CityCell.swift in Sources */,
				619E6697276F5E8E00496096 /* Weather.swift in Sources */,
			);
			runOnlyForDeploymentPostprocessing = 0;
		};
		619E666D276F4DE000496096 /* Sources */ = {
			isa = PBXSourcesBuildPhase;
			buildActionMask = 2147483647;
			files = (
				619E6676276F4DE000496096 /* Surfing_SpotsTests.swift in Sources */,
			);
			runOnlyForDeploymentPostprocessing = 0;
		};
		619E6677276F4DE000496096 /* Sources */ = {
			isa = PBXSourcesBuildPhase;
			buildActionMask = 2147483647;
			files = (
				619E6680276F4DE000496096 /* Surfing_SpotsUITests.swift in Sources */,
				619E6682276F4DE000496096 /* Surfing_SpotsUITestsLaunchTests.swift in Sources */,
			);
			runOnlyForDeploymentPostprocessing = 0;
		};
/* End PBXSourcesBuildPhase section */

/* Begin PBXTargetDependency section */
		619E6673276F4DE000496096 /* PBXTargetDependency */ = {
			isa = PBXTargetDependency;
			target = 619E6660276F4DDE00496096 /* Surfing Spots */;
			targetProxy = 619E6672276F4DE000496096 /* PBXContainerItemProxy */;
		};
		619E667D276F4DE000496096 /* PBXTargetDependency */ = {
			isa = PBXTargetDependency;
			target = 619E6660276F4DDE00496096 /* Surfing Spots */;
			targetProxy = 619E667C276F4DE000496096 /* PBXContainerItemProxy */;
		};
/* End PBXTargetDependency section */

/* Begin XCBuildConfiguration section */
		619E6683276F4DE000496096 /* Debug */ = {
			isa = XCBuildConfiguration;
			buildSettings = {
				ALWAYS_SEARCH_USER_PATHS = NO;
				CLANG_ANALYZER_NONNULL = YES;
				CLANG_ANALYZER_NUMBER_OBJECT_CONVERSION = YES_AGGRESSIVE;
				CLANG_CXX_LANGUAGE_STANDARD = "gnu++17";
				CLANG_CXX_LIBRARY = "libc++";
				CLANG_ENABLE_MODULES = YES;
				CLANG_ENABLE_OBJC_ARC = YES;
				CLANG_ENABLE_OBJC_WEAK = YES;
				CLANG_WARN_BLOCK_CAPTURE_AUTORELEASING = YES;
				CLANG_WARN_BOOL_CONVERSION = YES;
				CLANG_WARN_COMMA = YES;
				CLANG_WARN_CONSTANT_CONVERSION = YES;
				CLANG_WARN_DEPRECATED_OBJC_IMPLEMENTATIONS = YES;
				CLANG_WARN_DIRECT_OBJC_ISA_USAGE = YES_ERROR;
				CLANG_WARN_DOCUMENTATION_COMMENTS = YES;
				CLANG_WARN_EMPTY_BODY = YES;
				CLANG_WARN_ENUM_CONVERSION = YES;
				CLANG_WARN_INFINITE_RECURSION = YES;
				CLANG_WARN_INT_CONVERSION = YES;
				CLANG_WARN_NON_LITERAL_NULL_CONVERSION = YES;
				CLANG_WARN_OBJC_IMPLICIT_RETAIN_SELF = YES;
				CLANG_WARN_OBJC_LITERAL_CONVERSION = YES;
				CLANG_WARN_OBJC_ROOT_CLASS = YES_ERROR;
				CLANG_WARN_QUOTED_INCLUDE_IN_FRAMEWORK_HEADER = YES;
				CLANG_WARN_RANGE_LOOP_ANALYSIS = YES;
				CLANG_WARN_STRICT_PROTOTYPES = YES;
				CLANG_WARN_SUSPICIOUS_MOVE = YES;
				CLANG_WARN_UNGUARDED_AVAILABILITY = YES_AGGRESSIVE;
				CLANG_WARN_UNREACHABLE_CODE = YES;
				CLANG_WARN__DUPLICATE_METHOD_MATCH = YES;
				COPY_PHASE_STRIP = NO;
				DEBUG_INFORMATION_FORMAT = dwarf;
				ENABLE_STRICT_OBJC_MSGSEND = YES;
				ENABLE_TESTABILITY = YES;
				GCC_C_LANGUAGE_STANDARD = gnu11;
				GCC_DYNAMIC_NO_PIC = NO;
				GCC_NO_COMMON_BLOCKS = YES;
				GCC_OPTIMIZATION_LEVEL = 0;
				GCC_PREPROCESSOR_DEFINITIONS = (
					"DEBUG=1",
					"$(inherited)",
				);
				GCC_WARN_64_TO_32_BIT_CONVERSION = YES;
				GCC_WARN_ABOUT_RETURN_TYPE = YES_ERROR;
				GCC_WARN_UNDECLARED_SELECTOR = YES;
				GCC_WARN_UNINITIALIZED_AUTOS = YES_AGGRESSIVE;
				GCC_WARN_UNUSED_FUNCTION = YES;
				GCC_WARN_UNUSED_VARIABLE = YES;
				IPHONEOS_DEPLOYMENT_TARGET = 15.2;
				MTL_ENABLE_DEBUG_INFO = INCLUDE_SOURCE;
				MTL_FAST_MATH = YES;
				ONLY_ACTIVE_ARCH = YES;
				SDKROOT = iphoneos;
				SWIFT_ACTIVE_COMPILATION_CONDITIONS = DEBUG;
				SWIFT_OPTIMIZATION_LEVEL = "-Onone";
			};
			name = Debug;
		};
		619E6684276F4DE000496096 /* Release */ = {
			isa = XCBuildConfiguration;
			buildSettings = {
				ALWAYS_SEARCH_USER_PATHS = NO;
				CLANG_ANALYZER_NONNULL = YES;
				CLANG_ANALYZER_NUMBER_OBJECT_CONVERSION = YES_AGGRESSIVE;
				CLANG_CXX_LANGUAGE_STANDARD = "gnu++17";
				CLANG_CXX_LIBRARY = "libc++";
				CLANG_ENABLE_MODULES = YES;
				CLANG_ENABLE_OBJC_ARC = YES;
				CLANG_ENABLE_OBJC_WEAK = YES;
				CLANG_WARN_BLOCK_CAPTURE_AUTORELEASING = YES;
				CLANG_WARN_BOOL_CONVERSION = YES;
				CLANG_WARN_COMMA = YES;
				CLANG_WARN_CONSTANT_CONVERSION = YES;
				CLANG_WARN_DEPRECATED_OBJC_IMPLEMENTATIONS = YES;
				CLANG_WARN_DIRECT_OBJC_ISA_USAGE = YES_ERROR;
				CLANG_WARN_DOCUMENTATION_COMMENTS = YES;
				CLANG_WARN_EMPTY_BODY = YES;
				CLANG_WARN_ENUM_CONVERSION = YES;
				CLANG_WARN_INFINITE_RECURSION = YES;
				CLANG_WARN_INT_CONVERSION = YES;
				CLANG_WARN_NON_LITERAL_NULL_CONVERSION = YES;
				CLANG_WARN_OBJC_IMPLICIT_RETAIN_SELF = YES;
				CLANG_WARN_OBJC_LITERAL_CONVERSION = YES;
				CLANG_WARN_OBJC_ROOT_CLASS = YES_ERROR;
				CLANG_WARN_QUOTED_INCLUDE_IN_FRAMEWORK_HEADER = YES;
				CLANG_WARN_RANGE_LOOP_ANALYSIS = YES;
				CLANG_WARN_STRICT_PROTOTYPES = YES;
				CLANG_WARN_SUSPICIOUS_MOVE = YES;
				CLANG_WARN_UNGUARDED_AVAILABILITY = YES_AGGRESSIVE;
				CLANG_WARN_UNREACHABLE_CODE = YES;
				CLANG_WARN__DUPLICATE_METHOD_MATCH = YES;
				COPY_PHASE_STRIP = NO;
				DEBUG_INFORMATION_FORMAT = "dwarf-with-dsym";
				ENABLE_NS_ASSERTIONS = NO;
				ENABLE_STRICT_OBJC_MSGSEND = YES;
				GCC_C_LANGUAGE_STANDARD = gnu11;
				GCC_NO_COMMON_BLOCKS = YES;
				GCC_WARN_64_TO_32_BIT_CONVERSION = YES;
				GCC_WARN_ABOUT_RETURN_TYPE = YES_ERROR;
				GCC_WARN_UNDECLARED_SELECTOR = YES;
				GCC_WARN_UNINITIALIZED_AUTOS = YES_AGGRESSIVE;
				GCC_WARN_UNUSED_FUNCTION = YES;
				GCC_WARN_UNUSED_VARIABLE = YES;
				IPHONEOS_DEPLOYMENT_TARGET = 15.2;
				MTL_ENABLE_DEBUG_INFO = NO;
				MTL_FAST_MATH = YES;
				SDKROOT = iphoneos;
				SWIFT_COMPILATION_MODE = wholemodule;
				SWIFT_OPTIMIZATION_LEVEL = "-O";
				VALIDATE_PRODUCT = YES;
			};
			name = Release;
		};
		619E6686276F4DE000496096 /* Debug */ = {
			isa = XCBuildConfiguration;
			buildSettings = {
				ASSETCATALOG_COMPILER_APPICON_NAME = AppIcon;
				ASSETCATALOG_COMPILER_GLOBAL_ACCENT_COLOR_NAME = AccentColor;
				CODE_SIGN_STYLE = Automatic;
				CURRENT_PROJECT_VERSION = 1;
				DEVELOPMENT_ASSET_PATHS = "\"Surfing Spots/Preview Content\"";
				ENABLE_PREVIEWS = YES;
				GENERATE_INFOPLIST_FILE = YES;
				INFOPLIST_FILE = "Surfing-Spots-Info.plist";
				INFOPLIST_KEY_UIApplicationSceneManifest_Generation = YES;
				INFOPLIST_KEY_UIApplicationSupportsIndirectInputEvents = YES;
				INFOPLIST_KEY_UILaunchScreen_Generation = YES;
				INFOPLIST_KEY_UISupportedInterfaceOrientations_iPad = "UIInterfaceOrientationPortrait UIInterfaceOrientationPortraitUpsideDown UIInterfaceOrientationLandscapeLeft UIInterfaceOrientationLandscapeRight";
				INFOPLIST_KEY_UISupportedInterfaceOrientations_iPhone = "UIInterfaceOrientationPortrait UIInterfaceOrientationLandscapeLeft UIInterfaceOrientationLandscapeRight";
				LD_RUNPATH_SEARCH_PATHS = (
					"$(inherited)",
					"@executable_path/Frameworks",
				);
				MARKETING_VERSION = 1.0;
				PRODUCT_BUNDLE_IDENTIFIER = "marcodaniele.Surfing-Spots";
				PRODUCT_NAME = "$(TARGET_NAME)";
				SWIFT_EMIT_LOC_STRINGS = YES;
				SWIFT_VERSION = 5.0;
				TARGETED_DEVICE_FAMILY = "1,2";
			};
			name = Debug;
		};
		619E6687276F4DE000496096 /* Release */ = {
			isa = XCBuildConfiguration;
			buildSettings = {
				ASSETCATALOG_COMPILER_APPICON_NAME = AppIcon;
				ASSETCATALOG_COMPILER_GLOBAL_ACCENT_COLOR_NAME = AccentColor;
				CODE_SIGN_STYLE = Automatic;
				CURRENT_PROJECT_VERSION = 1;
				DEVELOPMENT_ASSET_PATHS = "\"Surfing Spots/Preview Content\"";
				ENABLE_PREVIEWS = YES;
				GENERATE_INFOPLIST_FILE = YES;
				INFOPLIST_FILE = "Surfing-Spots-Info.plist";
				INFOPLIST_KEY_UIApplicationSceneManifest_Generation = YES;
				INFOPLIST_KEY_UIApplicationSupportsIndirectInputEvents = YES;
				INFOPLIST_KEY_UILaunchScreen_Generation = YES;
				INFOPLIST_KEY_UISupportedInterfaceOrientations_iPad = "UIInterfaceOrientationPortrait UIInterfaceOrientationPortraitUpsideDown UIInterfaceOrientationLandscapeLeft UIInterfaceOrientationLandscapeRight";
				INFOPLIST_KEY_UISupportedInterfaceOrientations_iPhone = "UIInterfaceOrientationPortrait UIInterfaceOrientationLandscapeLeft UIInterfaceOrientationLandscapeRight";
				LD_RUNPATH_SEARCH_PATHS = (
					"$(inherited)",
					"@executable_path/Frameworks",
				);
				MARKETING_VERSION = 1.0;
				PRODUCT_BUNDLE_IDENTIFIER = "marcodaniele.Surfing-Spots";
				PRODUCT_NAME = "$(TARGET_NAME)";
				SWIFT_EMIT_LOC_STRINGS = YES;
				SWIFT_VERSION = 5.0;
				TARGETED_DEVICE_FAMILY = "1,2";
			};
			name = Release;
		};
		619E6689276F4DE000496096 /* Debug */ = {
			isa = XCBuildConfiguration;
			buildSettings = {
				ALWAYS_EMBED_SWIFT_STANDARD_LIBRARIES = YES;
				BUNDLE_LOADER = "$(TEST_HOST)";
				CODE_SIGN_STYLE = Automatic;
				CURRENT_PROJECT_VERSION = 1;
				GENERATE_INFOPLIST_FILE = YES;
				IPHONEOS_DEPLOYMENT_TARGET = 15.2;
				MARKETING_VERSION = 1.0;
				PRODUCT_BUNDLE_IDENTIFIER = "marcodaniele.Surfing-SpotsTests";
				PRODUCT_NAME = "$(TARGET_NAME)";
				SWIFT_EMIT_LOC_STRINGS = NO;
				SWIFT_VERSION = 5.0;
				TARGETED_DEVICE_FAMILY = "1,2";
				TEST_HOST = "$(BUILT_PRODUCTS_DIR)/Surfing Spots.app/Surfing Spots";
			};
			name = Debug;
		};
		619E668A276F4DE000496096 /* Release */ = {
			isa = XCBuildConfiguration;
			buildSettings = {
				ALWAYS_EMBED_SWIFT_STANDARD_LIBRARIES = YES;
				BUNDLE_LOADER = "$(TEST_HOST)";
				CODE_SIGN_STYLE = Automatic;
				CURRENT_PROJECT_VERSION = 1;
				GENERATE_INFOPLIST_FILE = YES;
				IPHONEOS_DEPLOYMENT_TARGET = 15.2;
				MARKETING_VERSION = 1.0;
				PRODUCT_BUNDLE_IDENTIFIER = "marcodaniele.Surfing-SpotsTests";
				PRODUCT_NAME = "$(TARGET_NAME)";
				SWIFT_EMIT_LOC_STRINGS = NO;
				SWIFT_VERSION = 5.0;
				TARGETED_DEVICE_FAMILY = "1,2";
				TEST_HOST = "$(BUILT_PRODUCTS_DIR)/Surfing Spots.app/Surfing Spots";
			};
			name = Release;
		};
		619E668C276F4DE000496096 /* Debug */ = {
			isa = XCBuildConfiguration;
			buildSettings = {
				ALWAYS_EMBED_SWIFT_STANDARD_LIBRARIES = YES;
				CODE_SIGN_STYLE = Automatic;
				CURRENT_PROJECT_VERSION = 1;
				GENERATE_INFOPLIST_FILE = YES;
				MARKETING_VERSION = 1.0;
				PRODUCT_BUNDLE_IDENTIFIER = "marcodaniele.Surfing-SpotsUITests";
				PRODUCT_NAME = "$(TARGET_NAME)";
				SWIFT_EMIT_LOC_STRINGS = NO;
				SWIFT_VERSION = 5.0;
				TARGETED_DEVICE_FAMILY = "1,2";
				TEST_TARGET_NAME = "Surfing Spots";
			};
			name = Debug;
		};
		619E668D276F4DE000496096 /* Release */ = {
			isa = XCBuildConfiguration;
			buildSettings = {
				ALWAYS_EMBED_SWIFT_STANDARD_LIBRARIES = YES;
				CODE_SIGN_STYLE = Automatic;
				CURRENT_PROJECT_VERSION = 1;
				GENERATE_INFOPLIST_FILE = YES;
				MARKETING_VERSION = 1.0;
				PRODUCT_BUNDLE_IDENTIFIER = "marcodaniele.Surfing-SpotsUITests";
				PRODUCT_NAME = "$(TARGET_NAME)";
				SWIFT_EMIT_LOC_STRINGS = NO;
				SWIFT_VERSION = 5.0;
				TARGETED_DEVICE_FAMILY = "1,2";
				TEST_TARGET_NAME = "Surfing Spots";
			};
			name = Release;
		};
/* End XCBuildConfiguration section */

/* Begin XCConfigurationList section */
		619E665C276F4DDE00496096 /* Build configuration list for PBXProject "Surfing Spots" */ = {
			isa = XCConfigurationList;
			buildConfigurations = (
				619E6683276F4DE000496096 /* Debug */,
				619E6684276F4DE000496096 /* Release */,
			);
			defaultConfigurationIsVisible = 0;
			defaultConfigurationName = Release;
		};
		619E6685276F4DE000496096 /* Build configuration list for PBXNativeTarget "Surfing Spots" */ = {
			isa = XCConfigurationList;
			buildConfigurations = (
				619E6686276F4DE000496096 /* Debug */,
				619E6687276F4DE000496096 /* Release */,
			);
			defaultConfigurationIsVisible = 0;
			defaultConfigurationName = Release;
		};
		619E6688276F4DE000496096 /* Build configuration list for PBXNativeTarget "Surfing SpotsTests" */ = {
			isa = XCConfigurationList;
			buildConfigurations = (
				619E6689276F4DE000496096 /* Debug */,
				619E668A276F4DE000496096 /* Release */,
			);
			defaultConfigurationIsVisible = 0;
			defaultConfigurationName = Release;
		};
		619E668B276F4DE000496096 /* Build configuration list for PBXNativeTarget "Surfing SpotsUITests" */ = {
			isa = XCConfigurationList;
			buildConfigurations = (
				619E668C276F4DE000496096 /* Debug */,
				619E668D276F4DE000496096 /* Release */,
			);
			defaultConfigurationIsVisible = 0;
			defaultConfigurationName = Release;
		};
/* End XCConfigurationList section */
	};
	rootObject = 619E6659276F4DDE00496096 /* Project object */;
}
